
Microsoft Visual Studio Solution File, Format Version 12.00
# Visual Studio Express 15 for Windows Desktop
VisualStudioVersion = 15.0.27703.2042
MinimumVisualStudioVersion = 10.0.40219.1
Project("{FAE04EC0-301F-11D3-BF4B-00C04F79EFBC}") = "readXMLApplication", "readXMLApplication.csproj", "{0C262572-A597-4484-9FC7-5EBA4F339E30}"
EndProject
Global
	GlobalSection(SolutionConfigurationPlatforms) = preSolution
		Debug|Any CPU = Debug|Any CPU
		Release|Any CPU = Release|Any CPU
	EndGlobalSection
	GlobalSection(ProjectConfigurationPlatforms) = postSolution
		{0C262572-A597-4484-9FC7-5EBA4F339E30}.Debug|Any CPU.ActiveCfg = Debug|Any CPU
		{0C262572-A597-4484-9FC7-5EBA4F339E30}.Debug|Any CPU.Build.0 = Debug|Any CPU
		{0C262572-A597-4484-9FC7-5EBA4F339E30}.Release|Any CPU.ActiveCfg = Release|Any CPU
		{0C262572-A597-4484-9FC7-5EBA4F339E30}.Release|Any CPU.Build.0 = Release|Any CPU
	EndGlobalSection
	GlobalSection(SolutionProperties) = preSolution
		HideSolutionNode = FALSE
	EndGlobalSection
	GlobalSection(ExtensibilityGlobals) = postSolution
		SolutionGuid = {A4E42CC8-9EED-4384-9046-D221961789EF}
	EndGlobalSection
EndGlobal
